PODS:
  - bumper (0.1.0)
  - Nimble (3.2.0)
  - Quick (0.9.3)

DEPENDENCIES:
  - bumper (from `../`)
  - Nimble (~> 3.0)
  - Quick (~> 0.8)

EXTERNAL SOURCES:
  bumper:
    :path: ../

SPEC CHECKSUMS:
  bumper: 6ddec002dd9c90ae902d48c286aff90b972bca59
  Nimble: 703854335d181df169bbca9c97117b5cf8c47c1d
  Quick: 13a2a2b19a5d8e3ed4fd0c36ee46597fd77ebf71

PODFILE CHECKSUM: 5aab33661e0a7b00a12688341fed96472d31b5ad

COCOAPODS: 1.0.1
